// !$*UTF8*$!
{
	archiveVersion = 1;
	classes = {
	};
	objectVersion = 46;
	objects = {

/* Begin PBXBuildFile section */
		279FD4C11B94CA09004455FD /* AppDelegate.swift in Sources */ = {isa = PBXBuildFile; fileRef = 279FD4C01B94CA09004455FD /* AppDelegate.swift */; };
		279FD4C31B94CA09004455FD /* MasterViewController.swift in Sources */ = {isa = PBXBuildFile; fileRef = 279FD4C21B94CA09004455FD /* MasterViewController.swift */; };
		279FD4C51B94CA09004455FD /* DetailViewController.swift in Sources */ = {isa = PBXBuildFile; fileRef = 279FD4C41B94CA09004455FD /* DetailViewController.swift */; };
		279FD4C81B94CA09004455FD /* Main.storyboard in Resources */ = {isa = PBXBuildFile; fileRef = 279FD4C61B94CA09004455FD /* Main.storyboard */; };
		279FD4CA1B94CA09004455FD /* Images.xcassets in Resources */ = {isa = PBXBuildFile; fileRef = 279FD4C91B94CA09004455FD /* Images.xcassets */; };
		279FD4CD1B94CA09004455FD /* LaunchScreen.xib in Resources */ = {isa = PBXBuildFile; fileRef = 279FD4CB1B94CA09004455FD /* LaunchScreen.xib */; };
		279FD4D91B94CA09004455FD /* VersioTests.swift in Sources */ = {isa = PBXBuildFile; fileRef = 279FD4D81B94CA09004455FD /* VersioTests.swift */; };
/* End PBXBuildFile section */

/* Begin PBXContainerItemProxy section */
		279FD4D31B94CA09004455FD /* PBXContainerItemProxy */ = {
			isa = PBXContainerItemProxy;
			containerPortal = 279FD4B31B94CA09004455FD /* Project object */;
			proxyType = 1;
			remoteGlobalIDString = 279FD4BA1B94CA09004455FD;
			remoteInfo = Versio;
		};
/* End PBXContainerItemProxy section */

/* Begin PBXFileReference section */
		279FD4BB1B94CA09004455FD /* Versio.app */ = {isa = PBXFileReference; explicitFileType = wrapper.application; includeInIndex = 0; path = Versio.app; sourceTree = BUILT_PRODUCTS_DIR; };
		279FD4BF1B94CA09004455FD /* Info.plist */ = {isa = PBXFileReference; lastKnownFileType = text.plist.xml; path = Info.plist; sourceTree = "<group>"; };
		279FD4C01B94CA09004455FD /* AppDelegate.swift */ = {isa = PBXFileReference; lastKnownFileType = sourcecode.swift; path = AppDelegate.swift; sourceTree = "<group>"; };
		279FD4C21B94CA09004455FD /* MasterViewController.swift */ = {isa = PBXFileReference; lastKnownFileType = sourcecode.swift; path = MasterViewController.swift; sourceTree = "<group>"; };
		279FD4C41B94CA09004455FD /* DetailViewController.swift */ = {isa = PBXFileReference; lastKnownFileType = sourcecode.swift; path = DetailViewController.swift; sourceTree = "<group>"; };
		279FD4C71B94CA09004455FD /* Base */ = {isa = PBXFileReference; lastKnownFileType = file.storyboard; name = Base; path = Base.lproj/Main.storyboard; sourceTree = "<group>"; };
		279FD4C91B94CA09004455FD /* Images.xcassets */ = {isa = PBXFileReference; lastKnownFileType = folder.assetcatalog; path = Images.xcassets; sourceTree = "<group>"; };
		279FD4CC1B94CA09004455FD /* Base */ = {isa = PBXFileReference; lastKnownFileType = file.xib; name = Base; path = Base.lproj/LaunchScreen.xib; sourceTree = "<group>"; };
		279FD4D21B94CA09004455FD /* VersioTests.xctest */ = {isa = PBXFileReference; explicitFileType = wrapper.cfbundle; includeInIndex = 0; path = VersioTests.xctest; sourceTree = BUILT_PRODUCTS_DIR; };
		279FD4D71B94CA09004455FD /* Info.plist */ = {isa = PBXFileReference; lastKnownFileType = text.plist.xml; path = Info.plist; sourceTree = "<group>"; };
		279FD4D81B94CA09004455FD /* VersioTests.swift */ = {isa = PBXFileReference; lastKnownFileType = sourcecode.swift; path = VersioTests.swift; sourceTree = "<group>"; };
/* End PBXFileReference section */

/* Begin PBXFrameworksBuildPhase section */
		279FD4B81B94CA09004455FD /* Frameworks */ = {
			isa = PBXFrameworksBuildPhase;
			buildActionMask = 2147483647;
			files = (
			);
			runOnlyForDeploymentPostprocessing = 0;
		};
		279FD4CF1B94CA09004455FD /* Frameworks */ = {
			isa = PBXFrameworksBuildPhase;
			buildActionMask = 2147483647;
			files = (
			);
			runOnlyForDeploymentPostprocessing = 0;
		};
/* End PBXFrameworksBuildPhase section */

/* Begin PBXGroup section */
		279FD4B21B94CA09004455FD = {
			isa = PBXGroup;
			children = (
				279FD4BD1B94CA09004455FD /* Versio */,
				279FD4D51B94CA09004455FD /* VersioTests */,
				279FD4BC1B94CA09004455FD /* Products */,
			);
			sourceTree = "<group>";
		};
		279FD4BC1B94CA09004455FD /* Products */ = {
			isa = PBXGroup;
			children = (
				279FD4BB1B94CA09004455FD /* Versio.app */,
				279FD4D21B94CA09004455FD /* VersioTests.xctest */,
			);
			name = Products;
			sourceTree = "<group>";
		};
		279FD4BD1B94CA09004455FD /* Versio */ = {
			isa = PBXGroup;
			children = (
				279FD4C01B94CA09004455FD /* AppDelegate.swift */,
				279FD4C21B94CA09004455FD /* MasterViewController.swift */,
				279FD4C41B94CA09004455FD /* DetailViewController.swift */,
				279FD4C61B94CA09004455FD /* Main.storyboard */,
				279FD4C91B94CA09004455FD /* Images.xcassets */,
				279FD4CB1B94CA09004455FD /* LaunchScreen.xib */,
				279FD4BE1B94CA09004455FD /* Supporting Files */,
			);
			path = Versio;
			sourceTree = "<group>";
		};
		279FD4BE1B94CA09004455FD /* Supporting Files */ = {
			isa = PBXGroup;
			children = (
				279FD4BF1B94CA09004455FD /* Info.plist */,
			);
			name = "Supporting Files";
			sourceTree = "<group>";
		};
		279FD4D51B94CA09004455FD /* VersioTests */ = {
			isa = PBXGroup;
			children = (
				279FD4D81B94CA09004455FD /* VersioTests.swift */,
				279FD4D61B94CA09004455FD /* Supporting Files */,
			);
			path = VersioTests;
			sourceTree = "<group>";
		};
		279FD4D61B94CA09004455FD /* Supporting Files */ = {
			isa = PBXGroup;
			children = (
				279FD4D71B94CA09004455FD /* Info.plist */,
			);
			name = "Supporting Files";
			sourceTree = "<group>";
		};
/* End PBXGroup section */

/* Begin PBXNativeTarget section */
		279FD4BA1B94CA09004455FD /* Versio */ = {
			isa = PBXNativeTarget;
			buildConfigurationList = 279FD4DC1B94CA09004455FD /* Build configuration list for PBXNativeTarget "Versio" */;
			buildPhases = (
				279FD4B71B94CA09004455FD /* Sources */,
				279FD4B81B94CA09004455FD /* Frameworks */,
				279FD4B91B94CA09004455FD /* Resources */,
			);
			buildRules = (
			);
			dependencies = (
			);
			name = Versio;
			productName = Versio;
			productReference = 279FD4BB1B94CA09004455FD /* Versio.app */;
			productType = "com.apple.product-type.application";
		};
		279FD4D11B94CA09004455FD /* VersioTests */ = {
			isa = PBXNativeTarget;
			buildConfigurationList = 279FD4DF1B94CA09004455FD /* Build configuration list for PBXNativeTarget "VersioTests" */;
			buildPhases = (
				279FD4CE1B94CA09004455FD /* Sources */,
				279FD4CF1B94CA09004455FD /* Frameworks */,
				279FD4D01B94CA09004455FD /* Resources */,
			);
			buildRules = (
			);
			dependencies = (
				279FD4D41B94CA09004455FD /* PBXTargetDependency */,
			);
			name = VersioTests;
			productName = VersioTests;
			productReference = 279FD4D21B94CA09004455FD /* VersioTests.xctest */;
			productType = "com.apple.product-type.bundle.unit-test";
		};
/* End PBXNativeTarget section */

/* Begin PBXProject section */
		279FD4B31B94CA09004455FD /* Project object */ = {
			isa = PBXProject;
			attributes = {
				LastUpgradeCheck = 0640;
				ORGANIZATIONNAME = "Jose Marcos Ramos Teixeira";
				TargetAttributes = {
					279FD4BA1B94CA09004455FD = {
						CreatedOnToolsVersion = 6.4;
					};
					279FD4D11B94CA09004455FD = {
						CreatedOnToolsVersion = 6.4;
						TestTargetID = 279FD4BA1B94CA09004455FD;
					};
				};
			};
			buildConfigurationList = 279FD4B61B94CA09004455FD /* Build configuration list for PBXProject "Versio" */;
			compatibilityVersion = "Xcode 3.2";
			developmentRegion = English;
			hasScannedForEncodings = 0;
			knownRegions = (
				en,
				Base,
			);
			mainGroup = 279FD4B21B94CA09004455FD;
			productRefGroup = 279FD4BC1B94CA09004455FD /* Products */;
			projectDirPath = "";
			projectRoot = "";
			targets = (
				279FD4BA1B94CA09004455FD /* Versio */,
				279FD4D11B94CA09004455FD /* VersioTests */,
			);
		};
/* End PBXProject section */

/* Begin PBXResourcesBuildPhase section */
		279FD4B91B94CA09004455FD /* Resources */ = {
			isa = PBXResourcesBuildPhase;
			buildActionMask = 2147483647;
			files = (
				279FD4C81B94CA09004455FD /* Main.storyboard in Resources */,
				279FD4CD1B94CA09004455FD /* LaunchScreen.xib in Resources */,
				279FD4CA1B94CA09004455FD /* Images.xcassets in Resources */,
			);
			runOnlyForDeploymentPostprocessing = 0;
		};
		279FD4D01B94CA09004455FD /* Resources */ = {
			isa = PBXResourcesBuildPhase;
			buildActionMask = 2147483647;
			files = (
			);
			runOnlyForDeploymentPostprocessing = 0;
		};
/* End PBXResourcesBuildPhase section */

/* Begin PBXSourcesBuildPhase section */
		279FD4B71B94CA09004455FD /* Sources */ = {
			isa = PBXSourcesBuildPhase;
			buildActionMask = 2147483647;
			files = (
				279FD4C51B94CA09004455FD /* DetailViewController.swift in Sources */,
				279FD4C31B94CA09004455FD /* MasterViewController.swift in Sources */,
				279FD4C11B94CA09004455FD /* AppDelegate.swift in Sources */,
			);
			runOnlyForDeploymentPostprocessing = 0;
		};
		279FD4CE1B94CA09004455FD /* Sources */ = {
			isa = PBXSourcesBuildPhase;
			buildActionMask = 2147483647;
			files = (
				279FD4D91B94CA09004455FD /* VersioTests.swift in Sources */,
			);
			runOnlyForDeploymentPostprocessing = 0;
		};
/* End PBXSourcesBuildPhase section */

/* Begin PBXTargetDependency section */
		279FD4D41B94CA09004455FD /* PBXTargetDependency */ = {
			isa = PBXTargetDependency;
			target = 279FD4BA1B94CA09004455FD /* Versio */;
			targetProxy = 279FD4D31B94CA09004455FD /* PBXContainerItemProxy */;
		};
/* End PBXTargetDependency section */

/* Begin PBXVariantGroup section */
		279FD4C61B94CA09004455FD /* Main.storyboard */ = {
			isa = PBXVariantGroup;
			children = (
				279FD4C71B94CA09004455FD /* Base */,
			);
			name = Main.storyboard;
			sourceTree = "<group>";
		};
		279FD4CB1B94CA09004455FD /* LaunchScreen.xib */ = {
			isa = PBXVariantGroup;
			children = (
				279FD4CC1B94CA09004455FD /* Base */,
			);
			name = LaunchScreen.xib;
			sourceTree = "<group>";
		};
/* End PBXVariantGroup section */

/* Begin XCBuildConfiguration section */
		279FD4DA1B94CA09004455FD /* Debug */ = {
			isa = XCBuildConfiguration;
			buildSettings = {
				ALWAYS_SEARCH_USER_PATHS = NO;
				CLANG_CXX_LANGUAGE_STANDARD = "gnu++0x";
				CLANG_CXX_LIBRARY = "libc++";
				CLANG_ENABLE_MODULES = YES;
				CLANG_ENABLE_OBJC_ARC = YES;
				CLANG_WARN_BOOL_CONVERSION = YES;
				CLANG_WARN_CONSTANT_CONVERSION = YES;
				CLANG_WARN_DIRECT_OBJC_ISA_USAGE = YES_ERROR;
				CLANG_WARN_EMPTY_BODY = YES;
				CLANG_WARN_ENUM_CONVERSION = YES;
				CLANG_WARN_INT_CONVERSION = YES;
				CLANG_WARN_OBJC_ROOT_CLASS = YES_ERROR;
				CLANG_WARN_UNREACHABLE_CODE = YES;
				CLANG_WARN__DUPLICATE_METHOD_MATCH = YES;
				"CODE_SIGN_IDENTITY[sdk=iphoneos*]" = "iPhone Developer";
				COPY_PHASE_STRIP = NO;
				DEBUG_INFORMATION_FORMAT = "dwarf-with-dsym";
				ENABLE_STRICT_OBJC_MSGSEND = YES;
				GCC_C_LANGUAGE_STANDARD = gnu99;
				GCC_DYNAMIC_NO_PIC = NO;
				GCC_NO_COMMON_BLOCKS = YES;
				GCC_OPTIMIZATION_LEVEL = 0;
				GCC_PREPROCESSOR_DEFINITIONS = (
					"DEBUG=1",
					"$(inherited)",
				);
				GCC_SYMBOLS_PRIVATE_EXTERN = NO;
				GCC_WARN_64_TO_32_BIT_CONVERSION = YES;
				GCC_WARN_ABOUT_RETURN_TYPE = YES_ERROR;
				GCC_WARN_UNDECLARED_SELECTOR = YES;
				GCC_WARN_UNINITIALIZED_AUTOS = YES_AGGRESSIVE;
				GCC_WARN_UNUSED_FUNCTION = YES;
				GCC_WARN_UNUSED_VARIABLE = YES;
				IPHONEOS_DEPLOYMENT_TARGET = 8.4;
				MTL_ENABLE_DEBUG_INFO = YES;
				ONLY_ACTIVE_ARCH = YES;
				SDKROOT = iphoneos;
				SWIFT_OPTIMIZATION_LEVEL = "-Onone";
				TARGETED_DEVICE_FAMILY = "1,2";
			};
			name = Debug;
		};
		279FD4DB1B94CA09004455FD /* Release */ = {
			isa = XCBuildConfiguration;
			buildSettings = {
				ALWAYS_SEARCH_USER_PATHS = NO;
				CLANG_CXX_LANGUAGE_STANDARD = "gnu++0x";
				CLANG_CXX_LIBRARY = "libc++";
				CLANG_ENABLE_MODULES = YES;
				CLANG_ENABLE_OBJC_ARC = YES;
				CLANG_WARN_BOOL_CONVERSION = YES;
				CLANG_WARN_CONSTANT_CONVERSION = YES;
				CLANG_WARN_DIRECT_OBJC_ISA_USAGE = YES_ERROR;
				CLANG_WARN_EMPTY_BODY = YES;
				CLANG_WARN_ENUM_CONVERSION = YES;
				CLANG_WARN_INT_CONVERSION = YES;
				CLANG_WARN_OBJC_ROOT_CLASS = YES_ERROR;
				CLANG_WARN_UNREACHABLE_CODE = YES;
				CLANG_WARN__DUPLICATE_METHOD_MATCH = YES;
				"CODE_SIGN_IDENTITY[sdk=iphoneos*]" = "iPhone Developer";
				COPY_PHASE_STRIP = NO;
				DEBUG_INFORMATION_FORMAT = "dwarf-with-dsym";
				ENABLE_NS_ASSERTIONS = NO;
				ENABLE_STRICT_OBJC_MSGSEND = YES;
				GCC_C_LANGUAGE_STANDARD = gnu99;
				GCC_NO_COMMON_BLOCKS = YES;
				GCC_WARN_64_TO_32_BIT_CONVERSION = YES;
				GCC_WARN_ABOUT_RETURN_TYPE = YES_ERROR;
				GCC_WARN_UNDECLARED_SELECTOR = YES;
				GCC_WARN_UNINITIALIZED_AUTOS = YES_AGGRESSIVE;
				GCC_WARN_UNUSED_FUNCTION = YES;
				GCC_WARN_UNUSED_VARIABLE = YES;
				IPHONEOS_DEPLOYMENT_TARGET = 8.4;
				MTL_ENABLE_DEBUG_INFO = NO;
				SDKROOT = iphoneos;
				TARGETED_DEVICE_FAMILY = "1,2";
				VALIDATE_PRODUCT = YES;
			};
			name = Release;
		};
		279FD4DD1B94CA09004455FD /* Debug */ = {
			isa = XCBuildConfiguration;
			buildSettings = {
				ASSETCATALOG_COMPILER_APPICON_NAME = AppIcon;
				INFOPLIST_FILE = Versio/Info.plist;
				LD_RUNPATH_SEARCH_PATHS = "$(inherited) @executable_path/Frameworks";
				PRODUCT_NAME = "$(TARGET_NAME)";
			};
			name = Debug;
		};
		279FD4DE1B94CA09004455FD /* Release */ = {
			isa = XCBuildConfiguration;
			buildSettings = {
				ASSETCATALOG_COMPILER_APPICON_NAME = AppIcon;
				INFOPLIST_FILE = Versio/Info.plist;
				LD_RUNPATH_SEARCH_PATHS = "$(inherited) @executable_path/Frameworks";
				PRODUCT_NAME = "$(TARGET_NAME)";
			};
			name = Release;
		};
		279FD4E01B94CA09004455FD /* Debug */ = {
			isa = XCBuildConfiguration;
			buildSettings = {
				BUNDLE_LOADER = "$(TEST_HOST)";
				FRAMEWORK_SEARCH_PATHS = (
					"$(SDKROOT)/Developer/Library/Frameworks",
					"$(inherited)",
				);
				GCC_PREPROCESSOR_DEFINITIONS = (
					"DEBUG=1",
					"$(inherited)",
				);
				INFOPLIST_FILE = VersioTests/Info.plist;
				LD_RUNPATH_SEARCH_PATHS = "$(inherited) @executable_path/Frameworks @loader_path/Frameworks";
				PRODUCT_NAME = "$(TARGET_NAME)";
				TEST_HOST = "$(BUILT_PRODUCTS_DIR)/Versio.app/Versio";
			};
			name = Debug;
		};
		279FD4E11B94CA09004455FD /* Release */ = {
			isa = XCBuildConfiguration;
			buildSettings = {
				BUNDLE_LOADER = "$(TEST_HOST)";
				FRAMEWORK_SEARCH_PATHS = (
					"$(SDKROOT)/Developer/Library/Frameworks",
					"$(inherited)",
				);
				INFOPLIST_FILE = VersioTests/Info.plist;
				LD_RUNPATH_SEARCH_PATHS = "$(inherited) @executable_path/Frameworks @loader_path/Frameworks";
				PRODUCT_NAME = "$(TARGET_NAME)";
				TEST_HOST = "$(BUILT_PRODUCTS_DIR)/Versio.app/Versio";
			};
			name = Release;
		};
/* End XCBuildConfiguration section */

/* Begin XCConfigurationList section */
		279FD4B61B94CA09004455FD /* Build configuration list for PBXProject "Versio" */ = {
			isa = XCConfigurationList;
			buildConfigurations = (
				279FD4DA1B94CA09004455FD /* Debug */,
				279FD4DB1B94CA09004455FD /* Release */,
			);
			defaultConfigurationIsVisible = 0;
			defaultConfigurationName = Release;
		};
		279FD4DC1B94CA09004455FD /* Build configuration list for PBXNativeTarget "Versio" */ = {
			isa = XCConfigurationList;
			buildConfigurations = (
				279FD4DD1B94CA09004455FD /* Debug */,
				279FD4DE1B94CA09004455FD /* Release */,
			);
			defaultConfigurationIsVisible = 0;
		};
		279FD4DF1B94CA09004455FD /* Build configuration list for PBXNativeTarget "VersioTests" */ = {
			isa = XCConfigurationList;
			buildConfigurations = (
				279FD4E01B94CA09004455FD /* Debug */,
				279FD4E11B94CA09004455FD /* Release */,
			);
			defaultConfigurationIsVisible = 0;
		};
/* End XCConfigurationList section */
	};
	rootObject = 279FD4B31B94CA09004455FD /* Project object */;
}
